
Microsoft Visual Studio Solution File, Format Version 12.00
# Visual Studio Version 16
VisualStudioVersion = 16.0.31911.196
MinimumVisualStudioVersion = 10.0.40219.1
Project("{FAE04EC0-301F-11D3-BF4B-00C04F79EFBC}") = "ETicaretProjesi", "ETicaretProjesi\ETicaretProjesi.csproj", "{409C9950-94C8-4782-86CD-73B9DA825162}"
EndProject
Global
	GlobalSection(SolutionConfigurationPlatforms) = preSolution
		Debug|Any CPU = Debug|Any CPU
		Release|Any CPU = Release|Any CPU
	EndGlobalSection
	GlobalSection(ProjectConfigurationPlatforms) = postSolution
		{409C9950-94C8-4782-86CD-73B9DA825162}.Debug|Any CPU.ActiveCfg = Debug|Any CPU
		{409C9950-94C8-4782-86CD-73B9DA825162}.Debug|Any CPU.Build.0 = Debug|Any CPU
		{409C9950-94C8-4782-86CD-73B9DA825162}.Release|Any CPU.ActiveCfg = Release|Any CPU
		{409C9950-94C8-4782-86CD-73B9DA825162}.Release|Any CPU.Build.0 = Release|Any CPU
	EndGlobalSection
	GlobalSection(SolutionProperties) = preSolution
		HideSolutionNode = FALSE
	EndGlobalSection
	GlobalSection(ExtensibilityGlobals) = postSolution
		SolutionGuid = {8F671117-032A-45D1-886C-50A85760EEE2}
	EndGlobalSection
EndGlobal
